
Microsoft Visual Studio Solution File, Format Version 12.00
# Visual Studio Version 17
VisualStudioVersion = 17.12.35527.113
MinimumVisualStudioVersion = 10.0.40219.1
Project("{FAE04EC0-301F-11D3-BF4B-00C04F79EFBC}") = "IS_Studio_PlanetShoes", "IS_Studio_PlanetShoes.csproj", "{E7AF8AE1-BCC6-4640-BBB1-FC44DEDDFAF8}"
EndProject
Project("{FAE04EC0-301F-11D3-BF4B-00C04F79EFBC}") = "IS Studio_Corel", "IS Studio_Corel\IS Studio_Corel.csproj", "{071662D8-2AE2-46C2-A57D-B97C3B013357}"
EndProject
Global
	GlobalSection(SolutionConfigurationPlatforms) = preSolution
		2017 Debug|Any CPU = 2017 Debug|Any CPU
		2017 Release|Any CPU = 2017 Release|Any CPU
		2018 Debug|Any CPU = 2018 Debug|Any CPU
		2018 Release|Any CPU = 2018 Release|Any CPU
		2019 Debug|Any CPU = 2019 Debug|Any CPU
		2019 Release|Any CPU = 2019 Release|Any CPU
		2020 Debug|Any CPU = 2020 Debug|Any CPU
		2020 Release|Any CPU = 2020 Release|Any CPU
		2021 Debug|Any CPU = 2021 Debug|Any CPU
		2021 Release|Any CPU = 2021 Release|Any CPU
		2022 Debug|Any CPU = 2022 Debug|Any CPU
		2022 Release|Any CPU = 2022 Release|Any CPU
		Debug|Any CPU = Debug|Any CPU
		X7 Debug|Any CPU = X7 Debug|Any CPU
		X7 Release|Any CPU = X7 Release|Any CPU
		X8 Debug|Any CPU = X8 Debug|Any CPU
		X8 Release|Any CPU = X8 Release|Any CPU
	EndGlobalSection
	GlobalSection(ProjectConfigurationPlatforms) = postSolution
		{E7AF8AE1-BCC6-4640-BBB1-FC44DEDDFAF8}.2017 Debug|Any CPU.ActiveCfg = 2017 Debug|Any CPU
		{E7AF8AE1-BCC6-4640-BBB1-FC44DEDDFAF8}.2017 Debug|Any CPU.Build.0 = 2017 Debug|Any CPU
		{E7AF8AE1-BCC6-4640-BBB1-FC44DEDDFAF8}.2017 Release|Any CPU.ActiveCfg = 2017 Release|Any CPU
		{E7AF8AE1-BCC6-4640-BBB1-FC44DEDDFAF8}.2017 Release|Any CPU.Build.0 = 2017 Release|Any CPU
		{E7AF8AE1-BCC6-4640-BBB1-FC44DEDDFAF8}.2018 Debug|Any CPU.ActiveCfg = 2018 Debug|Any CPU
		{E7AF8AE1-BCC6-4640-BBB1-FC44DEDDFAF8}.2018 Debug|Any CPU.Build.0 = 2018 Debug|Any CPU
		{E7AF8AE1-BCC6-4640-BBB1-FC44DEDDFAF8}.2018 Release|Any CPU.ActiveCfg = 2018 Release|Any CPU
		{E7AF8AE1-BCC6-4640-BBB1-FC44DEDDFAF8}.2018 Release|Any CPU.Build.0 = 2018 Release|Any CPU
		{E7AF8AE1-BCC6-4640-BBB1-FC44DEDDFAF8}.2019 Debug|Any CPU.ActiveCfg = 2019 Debug|Any CPU
		{E7AF8AE1-BCC6-4640-BBB1-FC44DEDDFAF8}.2019 Debug|Any CPU.Build.0 = 2019 Debug|Any CPU
		{E7AF8AE1-BCC6-4640-BBB1-FC44DEDDFAF8}.2019 Release|Any CPU.ActiveCfg = 2019 Release|Any CPU
		{E7AF8AE1-BCC6-4640-BBB1-FC44DEDDFAF8}.2019 Release|Any CPU.Build.0 = 2019 Release|Any CPU
		{E7AF8AE1-BCC6-4640-BBB1-FC44DEDDFAF8}.2020 Debug|Any CPU.ActiveCfg = 2020 Debug|Any CPU
		{E7AF8AE1-BCC6-4640-BBB1-FC44DEDDFAF8}.2020 Debug|Any CPU.Build.0 = 2020 Debug|Any CPU
		{E7AF8AE1-BCC6-4640-BBB1-FC44DEDDFAF8}.2020 Release|Any CPU.ActiveCfg = 2020 Release|Any CPU
		{E7AF8AE1-BCC6-4640-BBB1-FC44DEDDFAF8}.2020 Release|Any CPU.Build.0 = 2020 Release|Any CPU
		{E7AF8AE1-BCC6-4640-BBB1-FC44DEDDFAF8}.2021 Debug|Any CPU.ActiveCfg = 2021 Debug|Any CPU
		{E7AF8AE1-BCC6-4640-BBB1-FC44DEDDFAF8}.2021 Debug|Any CPU.Build.0 = 2021 Debug|Any CPU
		{E7AF8AE1-BCC6-4640-BBB1-FC44DEDDFAF8}.2021 Release|Any CPU.ActiveCfg = 2021 Release|Any CPU
		{E7AF8AE1-BCC6-4640-BBB1-FC44DEDDFAF8}.2021 Release|Any CPU.Build.0 = 2021 Release|Any CPU
		{E7AF8AE1-BCC6-4640-BBB1-FC44DEDDFAF8}.2022 Debug|Any CPU.ActiveCfg = 2022 Debug|Any CPU
		{E7AF8AE1-BCC6-4640-BBB1-FC44DEDDFAF8}.2022 Debug|Any CPU.Build.0 = 2022 Debug|Any CPU
		{E7AF8AE1-BCC6-4640-BBB1-FC44DEDDFAF8}.2022 Release|Any CPU.ActiveCfg = 2022 Release|Any CPU
		{E7AF8AE1-BCC6-4640-BBB1-FC44DEDDFAF8}.2022 Release|Any CPU.Build.0 = 2022 Release|Any CPU
		{E7AF8AE1-BCC6-4640-BBB1-FC44DEDDFAF8}.Debug|Any CPU.ActiveCfg = Debug|Any CPU
		{E7AF8AE1-BCC6-4640-BBB1-FC44DEDDFAF8}.Debug|Any CPU.Build.0 = Debug|Any CPU
		{E7AF8AE1-BCC6-4640-BBB1-FC44DEDDFAF8}.X7 Debug|Any CPU.ActiveCfg = X7 Debug|Any CPU
		{E7AF8AE1-BCC6-4640-BBB1-FC44DEDDFAF8}.X7 Debug|Any CPU.Build.0 = X7 Debug|Any CPU
		{E7AF8AE1-BCC6-4640-BBB1-FC44DEDDFAF8}.X7 Release|Any CPU.ActiveCfg = X7 Release|Any CPU
		{E7AF8AE1-BCC6-4640-BBB1-FC44DEDDFAF8}.X7 Release|Any CPU.Build.0 = X7 Release|Any CPU
		{E7AF8AE1-BCC6-4640-BBB1-FC44DEDDFAF8}.X8 Debug|Any CPU.ActiveCfg = X8 Debug|Any CPU
		{E7AF8AE1-BCC6-4640-BBB1-FC44DEDDFAF8}.X8 Debug|Any CPU.Build.0 = X8 Debug|Any CPU
		{E7AF8AE1-BCC6-4640-BBB1-FC44DEDDFAF8}.X8 Release|Any CPU.ActiveCfg = X8 Release|Any CPU
		{E7AF8AE1-BCC6-4640-BBB1-FC44DEDDFAF8}.X8 Release|Any CPU.Build.0 = X8 Release|Any CPU
		{071662D8-2AE2-46C2-A57D-B97C3B013357}.2017 Debug|Any CPU.ActiveCfg = Debug|Any CPU
		{071662D8-2AE2-46C2-A57D-B97C3B013357}.2017 Debug|Any CPU.Build.0 = Debug|Any CPU
		{071662D8-2AE2-46C2-A57D-B97C3B013357}.2017 Release|Any CPU.ActiveCfg = Release|Any CPU
		{071662D8-2AE2-46C2-A57D-B97C3B013357}.2017 Release|Any CPU.Build.0 = Release|Any CPU
		{071662D8-2AE2-46C2-A57D-B97C3B013357}.2018 Debug|Any CPU.ActiveCfg = Debug|Any CPU
		{071662D8-2AE2-46C2-A57D-B97C3B013357}.2018 Debug|Any CPU.Build.0 = Debug|Any CPU
		{071662D8-2AE2-46C2-A57D-B97C3B013357}.2018 Release|Any CPU.ActiveCfg = Release|Any CPU
		{071662D8-2AE2-46C2-A57D-B97C3B013357}.2018 Release|Any CPU.Build.0 = Release|Any CPU
		{071662D8-2AE2-46C2-A57D-B97C3B013357}.2019 Debug|Any CPU.ActiveCfg = Debug|Any CPU
		{071662D8-2AE2-46C2-A57D-B97C3B013357}.2019 Debug|Any CPU.Build.0 = Debug|Any CPU
		{071662D8-2AE2-46C2-A57D-B97C3B013357}.2019 Release|Any CPU.ActiveCfg = Release|Any CPU
		{071662D8-2AE2-46C2-A57D-B97C3B013357}.2019 Release|Any CPU.Build.0 = Release|Any CPU
		{071662D8-2AE2-46C2-A57D-B97C3B013357}.2020 Debug|Any CPU.ActiveCfg = Debug|Any CPU
		{071662D8-2AE2-46C2-A57D-B97C3B013357}.2020 Debug|Any CPU.Build.0 = Debug|Any CPU
		{071662D8-2AE2-46C2-A57D-B97C3B013357}.2020 Release|Any CPU.ActiveCfg = Release|Any CPU
		{071662D8-2AE2-46C2-A57D-B97C3B013357}.2020 Release|Any CPU.Build.0 = Release|Any CPU
		{071662D8-2AE2-46C2-A57D-B97C3B013357}.2021 Debug|Any CPU.ActiveCfg = Debug|Any CPU
		{071662D8-2AE2-46C2-A57D-B97C3B013357}.2021 Debug|Any CPU.Build.0 = Debug|Any CPU
		{071662D8-2AE2-46C2-A57D-B97C3B013357}.2021 Release|Any CPU.ActiveCfg = Release|Any CPU
		{071662D8-2AE2-46C2-A57D-B97C3B013357}.2021 Release|Any CPU.Build.0 = Release|Any CPU
		{071662D8-2AE2-46C2-A57D-B97C3B013357}.2022 Debug|Any CPU.ActiveCfg = Debug|Any CPU
		{071662D8-2AE2-46C2-A57D-B97C3B013357}.2022 Debug|Any CPU.Build.0 = Debug|Any CPU
		{071662D8-2AE2-46C2-A57D-B97C3B013357}.2022 Release|Any CPU.ActiveCfg = Release|Any CPU
		{071662D8-2AE2-46C2-A57D-B97C3B013357}.2022 Release|Any CPU.Build.0 = Release|Any CPU
		{071662D8-2AE2-46C2-A57D-B97C3B013357}.Debug|Any CPU.ActiveCfg = Debug|Any CPU
		{071662D8-2AE2-46C2-A57D-B97C3B013357}.Debug|Any CPU.Build.0 = Debug|Any CPU
		{071662D8-2AE2-46C2-A57D-B97C3B013357}.X7 Debug|Any CPU.ActiveCfg = Debug|Any CPU
		{071662D8-2AE2-46C2-A57D-B97C3B013357}.X7 Debug|Any CPU.Build.0 = Debug|Any CPU
		{071662D8-2AE2-46C2-A57D-B97C3B013357}.X7 Release|Any CPU.ActiveCfg = Release|Any CPU
		{071662D8-2AE2-46C2-A57D-B97C3B013357}.X7 Release|Any CPU.Build.0 = Release|Any CPU
		{071662D8-2AE2-46C2-A57D-B97C3B013357}.X8 Debug|Any CPU.ActiveCfg = Debug|Any CPU
		{071662D8-2AE2-46C2-A57D-B97C3B013357}.X8 Debug|Any CPU.Build.0 = Debug|Any CPU
		{071662D8-2AE2-46C2-A57D-B97C3B013357}.X8 Release|Any CPU.ActiveCfg = Release|Any CPU
		{071662D8-2AE2-46C2-A57D-B97C3B013357}.X8 Release|Any CPU.Build.0 = Release|Any CPU
	EndGlobalSection
	GlobalSection(SolutionProperties) = preSolution
		HideSolutionNode = FALSE
	EndGlobalSection
EndGlobal
